PODS:
  - AFNetworking (4.0.1):
    - AFNetworking/NSURLSession (= 4.0.1)
    - AFNetworking/Reachability (= 4.0.1)
    - AFNetworking/Security (= 4.0.1)
    - AFNetworking/Serialization (= 4.0.1)
    - AFNetworking/UIKit (= 4.0.1)
  - AFNetworking/NSURLSession (4.0.1):
    - AFNetworking/Reachability
    - AFNetworking/Security
    - AFNetworking/Serialization
  - AFNetworking/Reachability (4.0.1)
  - AFNetworking/Security (4.0.1)
  - AFNetworking/Serialization (4.0.1)
  - AFNetworking/UIKit (4.0.1):
    - AFNetworking/NSURLSession
  - FBSnapshotTestCase (2.1.4):
    - FBSnapshotTestCase/SwiftSupport (= 2.1.4)
  - FBSnapshotTestCase/Core (2.1.4)
  - FBSnapshotTestCase/SwiftSupport (2.1.4):
    - FBSnapshotTestCase/Core
  - LKCommonUIModule (2):
    - AFNetworking
    - LKMacroCategoryModule
    - Masonry
  - LKMacroCategoryModule (1)
  - Masonry (1.1.0)

DEPENDENCIES:
  - FBSnapshotTestCase
  - LKCommonUIModule (from `../`)
  - LKMacroCategoryModule (from `https://github.com/kaige1123/LKMacroCategoryModule.git`)

SPEC REPOS:
  trunk:
    - AFNetworking
    - FBSnapshotTestCase
    - Masonry

EXTERNAL SOURCES:
  LKCommonUIModule:
    :path: "../"
  LKMacroCategoryModule:
    :git: https://github.com/kaige1123/LKMacroCategoryModule.git

CHECKOUT OPTIONS:
  LKMacroCategoryModule:
    :commit: a576fdaabc46ea39863a3c865ed1f0cdb445b6ea
    :git: https://github.com/kaige1123/LKMacroCategoryModule.git

SPEC CHECKSUMS:
  AFNetworking: 7864c38297c79aaca1500c33288e429c3451fdce
  FBSnapshotTestCase: 094f9f314decbabe373b87cc339bea235a63e07a
  LKCommonUIModule: 99636051ac0fe91052c8dfad6fe72df7219b1926
  LKMacroCategoryModule: ba028e0a31ac596a670bb52419529b34859a19a4
  Masonry: 678fab65091a9290e40e2832a55e7ab731aad201

PODFILE CHECKSUM: b5fb3dfb763ae90604b8cbd11a07abcc32bf63c0

COCOAPODS: 1.10.1
